
Microsoft Visual Studio Solution File, Format Version 12.00
# Visual Studio Version 17
VisualStudioVersion = 17.0.32014.148
MinimumVisualStudioVersion = 10.0.40219.1
Project("{FAE04EC0-301F-11D3-BF4B-00C04F79EFBC}") = "ProjetoAPI", "ProjetoAPI\ProjetoAPI.csproj", "{4A49AAC8-58DB-4FBF-AB31-5A05EFD26103}"
EndProject
Global
	GlobalSection(SolutionConfigurationPlatforms) = preSolution
		Debug|Any CPU = Debug|Any CPU
		Release|Any CPU = Release|Any CPU
	EndGlobalSection
	GlobalSection(ProjectConfigurationPlatforms) = postSolution
		{4A49AAC8-58DB-4FBF-AB31-5A05EFD26103}.Debug|Any CPU.ActiveCfg = Debug|Any CPU
		{4A49AAC8-58DB-4FBF-AB31-5A05EFD26103}.Debug|Any CPU.Build.0 = Debug|Any CPU
		{4A49AAC8-58DB-4FBF-AB31-5A05EFD26103}.Release|Any CPU.ActiveCfg = Release|Any CPU
		{4A49AAC8-58DB-4FBF-AB31-5A05EFD26103}.Release|Any CPU.Build.0 = Release|Any CPU
	EndGlobalSection
	GlobalSection(SolutionProperties) = preSolution
		HideSolutionNode = FALSE
	EndGlobalSection
	GlobalSection(ExtensibilityGlobals) = postSolution
		SolutionGuid = {FD46077D-8FDB-4873-A744-AFF812DC4482}
	EndGlobalSection
EndGlobal
